{
    "_readme": [
        "This file locks the dependencies of your project to a known state",
        "Read more about it at https://getcomposer.org/doc/01-basic-usage.md#composer-lock-the-lock-file",
        "This file is @generated automatically"
    ],
    "hash": "2a322a9fb0c5cb20d41eae24040e5542",
    "content-hash": "5a67b89bcd0d3b7c76249b81de655859",
    "packages": [
        {
            "name": "smarty/smarty",
            "version": "v3.1.29",
            "source": {
                "type": "git",
                "url": "https://github.com/smarty-php/smarty.git",
                "reference": "35480f10e7ce9b0fdaf23d3799d7b79463919b1e"
            },
            "dist": {
                "type": "zip",
                "url": "https://api.github.com/repos/smarty-php/smarty/zipball/35480f10e7ce9b0fdaf23d3799d7b79463919b1e",
                "reference": "35480f10e7ce9b0fdaf23d3799d7b79463919b1e",
                "shasum": ""
            },
            "require": {
                "php": ">=5.2"
            },
            "type": "library",
            "extra": {
                "branch-alias": {
                    "dev-master": "3.1.x-dev"
                }
            },
            "autoload": {
                "classmap": [
                    "libs/Smarty.class.php",
                    "libs/SmartyBC.class.php",
                    "libs/sysplugins/"
                ]
            },
            "notification-url": "https://packagist.org/downloads/",
            "license": [
                "LGPL-3.0"
            ],
            "authors": [
                {
                    "name": "Monte Ohrt",
                    "email": "monte@ohrt.com"
                },
                {
                    "name": "Uwe Tews",
                    "email": "uwe.tews@googlemail.com"
                },
                {
                    "name": "Rodney Rehm",
                    "email": "rodney.rehm@medialize.de"
                }
            ],
            "description": "Smarty - the compiling PHP template engine",
            "homepage": "http://www.smarty.net",
            "keywords": [
                "templating"
            ],
            "time": "2015-12-21 01:57:06"
        },
        {
            "name": "vanilla/garden-http",
            "version": "v1.1.1",
            "source": {
                "type": "git",
                "url": "https://github.com/vanilla/garden-http.git",
                "reference": "da3b859774613031788eaa148a7e9e8622f6bc2a"
            },
            "dist": {
                "type": "zip",
                "url": "https://api.github.com/repos/vanilla/garden-http/zipball/da3b859774613031788eaa148a7e9e8622f6bc2a",
                "reference": "da3b859774613031788eaa148a7e9e8622f6bc2a",
                "shasum": ""
            },
            "require": {
                "lib-curl": "*",
                "php": ">=5.4.0"
            },
            "require-dev": {
                "vanilla/garden": "dev-master"
            },
            "type": "library",
            "autoload": {
                "psr-4": {
                    "Garden\\Http\\": "src"
                }
            },
            "notification-url": "https://packagist.org/downloads/",
            "license": [
                "MIT"
            ],
            "authors": [
                {
                    "name": "Todd Burry",
                    "email": "todd@vanillaforums.com"
                }
            ],
            "description": "An unbloated HTTP client library for building RESTful API clients.",
            "time": "2015-12-10 21:39:51"
        }
    ],
    "packages-dev": [],
    "aliases": [],
    "minimum-stability": "stable",
    "stability-flags": [],
    "prefer-stable": false,
    "prefer-lowest": false,
    "platform": [],
    "platform-dev": []
}
